# This file is generated by running "yarn install" inside your project.
# Manual changes might be lost - proceed with caution!

__metadata:
  version: 8
  cacheKey: 10

"@colors/colors@npm:1.5.0":
  version: 1.5.0
  resolution: "@colors/colors@npm:1.5.0"
  checksum: 10/9d226461c1e91e95f067be2bdc5e6f99cfe55a721f45afb44122e23e4b8602eeac4ff7325af6b5a369f36396ee1514d3809af3f57769066d80d83790d8e53339
  languageName: node
  linkType: hard

"@inquirer/checkbox@npm:^3.0.1":
  version: 3.0.1
  resolution: "@inquirer/checkbox@npm:3.0.1"
  dependencies:
    "@inquirer/core": "npm:^9.2.1"
    "@inquirer/figures": "npm:^1.0.6"
    "@inquirer/type": "npm:^2.0.0"
    ansi-escapes: "npm:^4.3.2"
    yoctocolors-cjs: "npm:^2.1.2"
  checksum: 10/23dccf5a058f8e96e632335532a54f564ec620a1494b61eb9c99b0c6b5a96932a5f7d4cdd4f05f2e7f0e5311ea5cde15948323a6223041de7421df657987902a
  languageName: node
  linkType: hard

"@inquirer/confirm@npm:^4.0.1":
  version: 4.0.1
  resolution: "@inquirer/confirm@npm:4.0.1"
  dependencies:
    "@inquirer/core": "npm:^9.2.1"
    "@inquirer/type": "npm:^2.0.0"
  checksum: 10/9f80834fcba308b047f4953abee4ff3837693400402797bd160dee64c019a63d9d9d866bbbf03d56f4aae8013c27991a0d405765120fe49aea2a57103af53426
  languageName: node
  linkType: hard

"@inquirer/core@npm:^9.2.1":
  version: 9.2.1
  resolution: "@inquirer/core@npm:9.2.1"
  dependencies:
    "@inquirer/figures": "npm:^1.0.6"
    "@inquirer/type": "npm:^2.0.0"
    "@types/mute-stream": "npm:^0.0.4"
    "@types/node": "npm:^22.5.5"
    "@types/wrap-ansi": "npm:^3.0.0"
    ansi-escapes: "npm:^4.3.2"
    cli-width: "npm:^4.1.0"
    mute-stream: "npm:^1.0.0"
    signal-exit: "npm:^4.1.0"
    strip-ansi: "npm:^6.0.1"
    wrap-ansi: "npm:^6.2.0"
    yoctocolors-cjs: "npm:^2.1.2"
  checksum: 10/bf35e46e70add8ffa9e9d4ae6b528ac660484afca082bca31af95ce8a145a2f8c8d0d07cc7a8627771452e68ade9849c9c9c450a004133ed10ac2d6730900452
  languageName: node
  linkType: hard

"@inquirer/editor@npm:^3.0.1":
  version: 3.0.1
  resolution: "@inquirer/editor@npm:3.0.1"
  dependencies:
    "@inquirer/core": "npm:^9.2.1"
    "@inquirer/type": "npm:^2.0.0"
    external-editor: "npm:^3.1.0"
  checksum: 10/ae2539a4ef62abba58bbf6e18b0dcd36b3f84ccbf38f6c0c0ba6348639bdcc1d4216406528aecfd75c68efab71f3edd5505d741ee5b2bb23ba482f44c115bb8f
  languageName: node
  linkType: hard

"@inquirer/expand@npm:^3.0.1":
  version: 3.0.1
  resolution: "@inquirer/expand@npm:3.0.1"
  dependencies:
    "@inquirer/core": "npm:^9.2.1"
    "@inquirer/type": "npm:^2.0.0"
    yoctocolors-cjs: "npm:^2.1.2"
  checksum: 10/d2450c1818fedf2e4a0741f953439e27a7dec5d63d35d96483f962cd66defbf53db3c4d223b7bb73e0c1a9076f11c82a32f1501274218c23a35acf70952f53b4
  languageName: node
  linkType: hard

"@inquirer/figures@npm:^1.0.6":
  version: 1.0.6
  resolution: "@inquirer/figures@npm:1.0.6"
  checksum: 10/1b9023d331c41f09d0848b8920885d535cdaf52edd782009e003b2f3b2df6a6a6a26fb8ecd05eb3c3df3df9d080e042ca525438a1513cdcc4410f3eefce3e4e0
  languageName: node
  linkType: hard

"@inquirer/input@npm:^3.0.1":
  version: 3.0.1
  resolution: "@inquirer/input@npm:3.0.1"
  dependencies:
    "@inquirer/core": "npm:^9.2.1"
    "@inquirer/type": "npm:^2.0.0"
  checksum: 10/b778a2e01fd81d7b85a37dc8a56ddcc99e1b5de8616163824f6583646ddac831546df2ad23f1e49e79874f293942261f292e0c1bea242a3f8c5e4c66a38cbb27
  languageName: node
  linkType: hard

"@inquirer/number@npm:^2.0.1":
  version: 2.0.1
  resolution: "@inquirer/number@npm:2.0.1"
  dependencies:
    "@inquirer/core": "npm:^9.2.1"
    "@inquirer/type": "npm:^2.0.0"
  checksum: 10/e49ea241927cacee0f329766890b39b1d818e6d4f5c7f088875bf9c2dd3da7ff7db34102b47e8a3d6eb36ae96b5a7c7a50fcae47c749142ecd4aaa649642b772
  languageName: node
  linkType: hard

"@inquirer/password@npm:^3.0.1":
  version: 3.0.1
  resolution: "@inquirer/password@npm:3.0.1"
  dependencies:
    "@inquirer/core": "npm:^9.2.1"
    "@inquirer/type": "npm:^2.0.0"
    ansi-escapes: "npm:^4.3.2"
  checksum: 10/b55add900c0d7f1cf7db5523e1786c120e9ab5c6cf49084b68aa887807b2aa98fd6f52b16159a57676056d62e42f51ad7bf81a0417b17bab3a5f3c79e0245eb2
  languageName: node
  linkType: hard

"@inquirer/prompts@npm:^6.0.1":
  version: 6.0.1
  resolution: "@inquirer/prompts@npm:6.0.1"
  dependencies:
    "@inquirer/checkbox": "npm:^3.0.1"
    "@inquirer/confirm": "npm:^4.0.1"
    "@inquirer/editor": "npm:^3.0.1"
    "@inquirer/expand": "npm:^3.0.1"
    "@inquirer/input": "npm:^3.0.1"
    "@inquirer/number": "npm:^2.0.1"
    "@inquirer/password": "npm:^3.0.1"
    "@inquirer/rawlist": "npm:^3.0.1"
    "@inquirer/search": "npm:^2.0.1"
    "@inquirer/select": "npm:^3.0.1"
  checksum: 10/336af7d9e02fac0e3bccc0abda0f2e5c501ee12c3097befb51f2afa3e992dac8696bf77b0923c0fef0b97a51faf987e03fce3f583b379bfeba91d0387990ec96
  languageName: node
  linkType: hard

"@inquirer/rawlist@npm:^3.0.1":
  version: 3.0.1
  resolution: "@inquirer/rawlist@npm:3.0.1"
  dependencies:
    "@inquirer/core": "npm:^9.2.1"
    "@inquirer/type": "npm:^2.0.0"
    yoctocolors-cjs: "npm:^2.1.2"
  checksum: 10/c50646c567d9722142a20b6d13a53782719a3e8e9050471c91900b4f5abdaca81e59cb79c25c5e3fbaa663a7944ff269352b00b3c1e17e5acbf175ff87fa24a3
  languageName: node
  linkType: hard

"@inquirer/search@npm:^2.0.1":
  version: 2.0.1
  resolution: "@inquirer/search@npm:2.0.1"
  dependencies:
    "@inquirer/core": "npm:^9.2.1"
    "@inquirer/figures": "npm:^1.0.6"
    "@inquirer/type": "npm:^2.0.0"
    yoctocolors-cjs: "npm:^2.1.2"
  checksum: 10/0be277fe6ca7b1f486de47dbacf0afc303eaa1f15b7ff032d84143aee175f82a477e856ee2b5e768bb6ac6a0835e0e7671d6b100eca972c583e9782bc054268c
  languageName: node
  linkType: hard

"@inquirer/select@npm:^3.0.1":
  version: 3.0.1
  resolution: "@inquirer/select@npm:3.0.1"
  dependencies:
    "@inquirer/core": "npm:^9.2.1"
    "@inquirer/figures": "npm:^1.0.6"
    "@inquirer/type": "npm:^2.0.0"
    ansi-escapes: "npm:^4.3.2"
    yoctocolors-cjs: "npm:^2.1.2"
  checksum: 10/83513cd6a7cc6dd9c16aa36565d53cfe697a80697cb2991b8bfb5feedb783ff486e6e8c44f1484e2bd7c3e709ab0b4216172f93fe5c8a2ad9c4af4bd30b020f8
  languageName: node
  linkType: hard

"@inquirer/type@npm:^2.0.0":
  version: 2.0.0
  resolution: "@inquirer/type@npm:2.0.0"
  dependencies:
    mute-stream: "npm:^1.0.0"
  checksum: 10/e85f359866c28cce06272d2d51cc17788a5c9de9fda7f181c27775dd26821de0dacbc947b521cfe2009cd2965ec54696799035ef3a25a9a5794e47d8e8bdf794
  languageName: node
  linkType: hard

"@types/mute-stream@npm:^0.0.4":
  version: 0.0.4
  resolution: "@types/mute-stream@npm:0.0.4"
  dependencies:
    "@types/node": "npm:*"
  checksum: 10/af8d83ad7b68ea05d9357985daf81b6c9b73af4feacb2f5c2693c7fd3e13e5135ef1bd083ce8d5bdc8e97acd28563b61bb32dec4e4508a8067fcd31b8a098632
  languageName: node
  linkType: hard

"@types/node@npm:*, @types/node@npm:^22.5.5":
  version: 22.5.5
  resolution: "@types/node@npm:22.5.5"
  dependencies:
    undici-types: "npm:~6.19.2"
  checksum: 10/172d02c8e6d921699edcf559c28b3805616bd6481af1b3cb0299f89ad9a6f33b71050434c06ce7b503166054a26275344187c443f99f745d0b12601372452f19
  languageName: node
  linkType: hard

"@types/wrap-ansi@npm:^3.0.0":
  version: 3.0.0
  resolution: "@types/wrap-ansi@npm:3.0.0"
  checksum: 10/8aa644946ca4e859668c36b8e2bcf2ac4bdee59dac760414730ea57be8a93ae9166ebd40a088f2ab714843aaea2a2a67f0e6e6ec11cfc9c8701b2466ca1c4089
  languageName: node
  linkType: hard

"ansi-escapes@npm:^4.3.2":
  version: 4.3.2
  resolution: "ansi-escapes@npm:4.3.2"
  dependencies:
    type-fest: "npm:^0.21.3"
  checksum: 10/8661034456193ffeda0c15c8c564a9636b0c04094b7f78bd01517929c17c504090a60f7a75f949f5af91289c264d3e1001d91492c1bd58efc8e100500ce04de2
  languageName: node
  linkType: hard

"ansi-regex@npm:^5.0.1":
  version: 5.0.1
  resolution: "ansi-regex@npm:5.0.1"
  checksum: 10/2aa4bb54caf2d622f1afdad09441695af2a83aa3fe8b8afa581d205e57ed4261c183c4d3877cee25794443fde5876417d859c108078ab788d6af7e4fe52eb66b
  languageName: node
  linkType: hard

"ansi-styles@npm:^4.0.0":
  version: 4.3.0
  resolution: "ansi-styles@npm:4.3.0"
  dependencies:
    color-convert: "npm:^2.0.1"
  checksum: 10/b4494dfbfc7e4591b4711a396bd27e540f8153914123dccb4cdbbcb514015ada63a3809f362b9d8d4f6b17a706f1d7bea3c6f974b15fa5ae76b5b502070889ff
  languageName: node
  linkType: hard

"array-keyed-map@npm:^2.1.3":
  version: 2.1.3
  resolution: "array-keyed-map@npm:2.1.3"
  checksum: 10/9c6a5aa926296be511d3a6c464a73355ee0fcb5de1b761e882a2d03500fffb924563c304cb41e2491cce7025470c652ed83b031af54be854ebd9f2efc8db5882
  languageName: node
  linkType: hard

"base64-js@npm:^1.5.1":
  version: 1.5.1
  resolution: "base64-js@npm:1.5.1"
  checksum: 10/669632eb3745404c2f822a18fc3a0122d2f9a7a13f7fb8b5823ee19d1d2ff9ee5b52c53367176ea4ad093c332fd5ab4bd0ebae5a8e27917a4105a4cfc86b1005
  languageName: node
  linkType: hard

"benchmark@workspace:.":
  version: 0.0.0-use.local
  resolution: "benchmark@workspace:."
  dependencies:
    "@types/node": "npm:^22.5.5"
    chalk: "npm:^5.3.0"
    cli-table3: "npm:^0.6.5"
    gpt-3-encoder: "npm:^1.1.4"
    gpt-tokenizer: "npm:^2.4.0"
    gpt3-tokenizer: "npm:^1.1.5"
    inquirer: "npm:^11.0.2"
    js-tiktoken: "npm:^1.0.14"
    tiktoken: "npm:^1.0.16"
    tiktoken-node: "npm:^0.0.7"
    typescript: "npm:^5.6.2"
  languageName: unknown
  linkType: soft

"chalk@npm:^5.3.0":
  version: 5.3.0
  resolution: "chalk@npm:5.3.0"
  checksum: 10/6373caaab21bd64c405bfc4bd9672b145647fc9482657b5ea1d549b3b2765054e9d3d928870cdf764fb4aad67555f5061538ff247b8310f110c5c888d92397ea
  languageName: node
  linkType: hard

"chardet@npm:^0.7.0":
  version: 0.7.0
  resolution: "chardet@npm:0.7.0"
  checksum: 10/b0ec668fba5eeec575ed2559a0917ba41a6481f49063c8445400e476754e0957ee09e44dc032310f526182b8f1bf25e9d4ed371f74050af7be1383e06bc44952
  languageName: node
  linkType: hard

"cli-table3@npm:^0.6.5":
  version: 0.6.5
  resolution: "cli-table3@npm:0.6.5"
  dependencies:
    "@colors/colors": "npm:1.5.0"
    string-width: "npm:^4.2.0"
  dependenciesMeta:
    "@colors/colors":
      optional: true
  checksum: 10/8dca71256f6f1367bab84c33add3f957367c7c43750a9828a4212ebd31b8df76bd7419d386e3391ac7419698a8540c25f1a474584028f35b170841cde2e055c5
  languageName: node
  linkType: hard

"cli-width@npm:^4.1.0":
  version: 4.1.0
  resolution: "cli-width@npm:4.1.0"
  checksum: 10/b58876fbf0310a8a35c79b72ecfcf579b354e18ad04e6b20588724ea2b522799a758507a37dfe132fafaf93a9922cafd9514d9e1598e6b2cd46694853aed099f
  languageName: node
  linkType: hard

"color-convert@npm:^2.0.1":
  version: 2.0.1
  resolution: "color-convert@npm:2.0.1"
  dependencies:
    color-name: "npm:~1.1.4"
  checksum: 10/fa00c91b4332b294de06b443923246bccebe9fab1b253f7fe1772d37b06a2269b4039a85e309abe1fe11b267b11c08d1d0473fda3badd6167f57313af2887a64
  languageName: node
  linkType: hard

"color-name@npm:~1.1.4":
  version: 1.1.4
  resolution: "color-name@npm:1.1.4"
  checksum: 10/b0445859521eb4021cd0fb0cc1a75cecf67fceecae89b63f62b201cca8d345baf8b952c966862a9d9a2632987d4f6581f0ec8d957dfacece86f0a7919316f610
  languageName: node
  linkType: hard

"emoji-regex@npm:^8.0.0":
  version: 8.0.0
  resolution: "emoji-regex@npm:8.0.0"
  checksum: 10/c72d67a6821be15ec11997877c437491c313d924306b8da5d87d2a2bcc2cec9903cb5b04ee1a088460501d8e5b44f10df82fdc93c444101a7610b80c8b6938e1
  languageName: node
  linkType: hard

"external-editor@npm:^3.1.0":
  version: 3.1.0
  resolution: "external-editor@npm:3.1.0"
  dependencies:
    chardet: "npm:^0.7.0"
    iconv-lite: "npm:^0.4.24"
    tmp: "npm:^0.0.33"
  checksum: 10/776dff1d64a1d28f77ff93e9e75421a81c062983fd1544279d0a32f563c0b18c52abbb211f31262e2827e48edef5c9dc8f960d06dd2d42d1654443b88568056b
  languageName: node
  linkType: hard

"gpt-3-encoder@npm:^1.1.4":
  version: 1.1.4
  resolution: "gpt-3-encoder@npm:1.1.4"
  checksum: 10/ea404828e94c23ae8ab2417b42f811061bcbb467e0b50426236834e59720a5d3580b2009fad3e6e15af954c7ebd5ba00da441664657c61f891ddbe5070c8a54d
  languageName: node
  linkType: hard

"gpt-tokenizer@npm:^2.4.0":
  version: 2.4.0
  resolution: "gpt-tokenizer@npm:2.4.0"
  checksum: 10/c47ca5c77f3317edd9044ccf1b76c18e93a2081d2817dc44825a98f2734314c8bb740d7d7f9b68c9ac31c8d01b002b8a1243d7ce67caf4835764b67fd6a7fb4b
  languageName: node
  linkType: hard

"gpt3-tokenizer@npm:^1.1.5":
  version: 1.1.5
  resolution: "gpt3-tokenizer@npm:1.1.5"
  dependencies:
    array-keyed-map: "npm:^2.1.3"
  checksum: 10/3569c856f8a8a92ca1e8c145840fe6a91b874e2ce019fb678e41e7d93c4db281880c7e1ac15fde08287143155841eb9dcd7d9e56aa23b870047adae8105bfbd9
  languageName: node
  linkType: hard

"iconv-lite@npm:^0.4.24":
  version: 0.4.24
  resolution: "iconv-lite@npm:0.4.24"
  dependencies:
    safer-buffer: "npm:>= 2.1.2 < 3"
  checksum: 10/6d3a2dac6e5d1fb126d25645c25c3a1209f70cceecc68b8ef51ae0da3cdc078c151fade7524a30b12a3094926336831fca09c666ef55b37e2c69638b5d6bd2e3
  languageName: node
  linkType: hard

"inquirer@npm:^11.0.2":
  version: 11.0.2
  resolution: "inquirer@npm:11.0.2"
  dependencies:
    "@inquirer/core": "npm:^9.2.1"
    "@inquirer/prompts": "npm:^6.0.1"
    "@inquirer/type": "npm:^2.0.0"
    "@types/mute-stream": "npm:^0.0.4"
    ansi-escapes: "npm:^4.3.2"
    mute-stream: "npm:^1.0.0"
    run-async: "npm:^3.0.0"
    rxjs: "npm:^7.8.1"
  checksum: 10/a0736d263ffab518c366e187c706243f9f02be60da3b03dfc00777c6d16aec4548e04aecba3f77b6651da85a1a13b9795de2848df257fe59eed6599ce6fe2a61
  languageName: node
  linkType: hard

"is-fullwidth-code-point@npm:^3.0.0":
  version: 3.0.0
  resolution: "is-fullwidth-code-point@npm:3.0.0"
  checksum: 10/44a30c29457c7fb8f00297bce733f0a64cd22eca270f83e58c105e0d015e45c019491a4ab2faef91ab51d4738c670daff901c799f6a700e27f7314029e99e348
  languageName: node
  linkType: hard

"js-tiktoken@npm:^1.0.14":
  version: 1.0.14
  resolution: "js-tiktoken@npm:1.0.14"
  dependencies:
    base64-js: "npm:^1.5.1"
  checksum: 10/143e6799e33dec19a1ef80a0641570fb9e1d336a9a6e28ce531e24a6ffb7726a6d04dffd987b39d2fb2dbadaf128d9229016aee0403f5ecd1622b4242cdd0528
  languageName: node
  linkType: hard

"mute-stream@npm:^1.0.0":
  version: 1.0.0
  resolution: "mute-stream@npm:1.0.0"
  checksum: 10/36fc968b0e9c9c63029d4f9dc63911950a3bdf55c9a87f58d3a266289b67180201cade911e7699f8b2fa596b34c9db43dad37649e3f7fdd13c3bb9edb0017ee7
  languageName: node
  linkType: hard

"os-tmpdir@npm:~1.0.2":
  version: 1.0.2
  resolution: "os-tmpdir@npm:1.0.2"
  checksum: 10/5666560f7b9f10182548bf7013883265be33620b1c1b4a4d405c25be2636f970c5488ff3e6c48de75b55d02bde037249fe5dbfbb4c0fb7714953d56aed062e6d
  languageName: node
  linkType: hard

"run-async@npm:^3.0.0":
  version: 3.0.0
  resolution: "run-async@npm:3.0.0"
  checksum: 10/97fb8747f7765b77ebcd311d3a33548099336f04c6434e0763039b98c1de0f1b4421000695aff8751f309c0b995d8dfd620c1f1e4c35572da38c101488165305
  languageName: node
  linkType: hard

"rxjs@npm:^7.8.1":
  version: 7.8.1
  resolution: "rxjs@npm:7.8.1"
  dependencies:
    tslib: "npm:^2.1.0"
  checksum: 10/b10cac1a5258f885e9dd1b70d23c34daeb21b61222ee735d2ec40a8685bdca40429000703a44f0e638c27a684ac139e1c37e835d2a0dc16f6fc061a138ae3abb
  languageName: node
  linkType: hard

"safer-buffer@npm:>= 2.1.2 < 3":
  version: 2.1.2
  resolution: "safer-buffer@npm:2.1.2"
  checksum: 10/7eaf7a0cf37cc27b42fb3ef6a9b1df6e93a1c6d98c6c6702b02fe262d5fcbd89db63320793b99b21cb5348097d0a53de81bd5f4e8b86e20cc9412e3f1cfb4e83
  languageName: node
  linkType: hard

"signal-exit@npm:^4.1.0":
  version: 4.1.0
  resolution: "signal-exit@npm:4.1.0"
  checksum: 10/c9fa63bbbd7431066174a48ba2dd9986dfd930c3a8b59de9c29d7b6854ec1c12a80d15310869ea5166d413b99f041bfa3dd80a7947bcd44ea8e6eb3ffeabfa1f
  languageName: node
  linkType: hard

"string-width@npm:^4.1.0, string-width@npm:^4.2.0":
  version: 4.2.3
  resolution: "string-width@npm:4.2.3"
  dependencies:
    emoji-regex: "npm:^8.0.0"
    is-fullwidth-code-point: "npm:^3.0.0"
    strip-ansi: "npm:^6.0.1"
  checksum: 10/e52c10dc3fbfcd6c3a15f159f54a90024241d0f149cf8aed2982a2d801d2e64df0bf1dc351cf8e95c3319323f9f220c16e740b06faecd53e2462df1d2b5443fb
  languageName: node
  linkType: hard

"strip-ansi@npm:^6.0.0, strip-ansi@npm:^6.0.1":
  version: 6.0.1
  resolution: "strip-ansi@npm:6.0.1"
  dependencies:
    ansi-regex: "npm:^5.0.1"
  checksum: 10/ae3b5436d34fadeb6096367626ce987057713c566e1e7768818797e00ac5d62023d0f198c4e681eae9e20701721980b26a64a8f5b91238869592a9c6800719a2
  languageName: node
  linkType: hard

"tiktoken-node@npm:^0.0.7":
  version: 0.0.7
  resolution: "tiktoken-node@npm:0.0.7"
  checksum: 10/a178ede0c13c56858017cc7e74cb7fc41c1f06905446804cb863d2ba9ed2a98f76d7aa5a566d5df6648aa53c062f2ceb8adbf68e4245c87f37963fead4ce63a4
  languageName: node
  linkType: hard

"tiktoken@npm:^1.0.16":
  version: 1.0.16
  resolution: "tiktoken@npm:1.0.16"
  checksum: 10/af8bcc1bd3f7634335c1d7da4b5b3201b25f9724024da8a03981d5fce25098ef9c2d71a0cb5760fd4f446742465a0247b47b3c70fc6b1d5eae2d24bbf1bae080
  languageName: node
  linkType: hard

"tmp@npm:^0.0.33":
  version: 0.0.33
  resolution: "tmp@npm:0.0.33"
  dependencies:
    os-tmpdir: "npm:~1.0.2"
  checksum: 10/09c0abfd165cff29b32be42bc35e80b8c64727d97dedde6550022e88fa9fd39a084660415ed8e3ebaa2aca1ee142f86df8b31d4196d4f81c774a3a20fd4b6abf
  languageName: node
  linkType: hard

"tslib@npm:^2.1.0":
  version: 2.7.0
  resolution: "tslib@npm:2.7.0"
  checksum: 10/9a5b47ddac65874fa011c20ff76db69f97cf90c78cff5934799ab8894a5342db2d17b4e7613a087046bc1d133d21547ddff87ac558abeec31ffa929c88b7fce6
  languageName: node
  linkType: hard

"type-fest@npm:^0.21.3":
  version: 0.21.3
  resolution: "type-fest@npm:0.21.3"
  checksum: 10/f4254070d9c3d83a6e573bcb95173008d73474ceadbbf620dd32d273940ca18734dff39c2b2480282df9afe5d1675ebed5499a00d791758748ea81f61a38961f
  languageName: node
  linkType: hard

"typescript@npm:^5.6.2":
  version: 5.6.2
  resolution: "typescript@npm:5.6.2"
  bin:
    tsc: bin/tsc
    tsserver: bin/tsserver
  checksum: 10/f95365d4898f357823e93d334ecda9fcade54f009b397c7d05b7621cd9e865981033cf89ccde0f3e3a7b73b1fdbae18e92bc77db237b43e912f053fef0f9a53b
  languageName: node
  linkType: hard

"typescript@patch:typescript@npm%3A^5.6.2#optional!builtin<compat/typescript>":
  version: 5.6.2
  resolution: "typescript@patch:typescript@npm%3A5.6.2#optional!builtin<compat/typescript>::version=5.6.2&hash=8c6c40"
  bin:
    tsc: bin/tsc
    tsserver: bin/tsserver
  checksum: 10/8bfc7ca0d9feca4c3fcbd6c70741abfcd714197d6448e68225ae71e462447d904d3bfba49759a8fbe4956d87f054e2d346833c8349c222daa594a2626d4e1be8
  languageName: node
  linkType: hard

"undici-types@npm:~6.19.2":
  version: 6.19.8
  resolution: "undici-types@npm:6.19.8"
  checksum: 10/cf0b48ed4fc99baf56584afa91aaffa5010c268b8842f62e02f752df209e3dea138b372a60a963b3b2576ed932f32329ce7ddb9cb5f27a6c83040d8cd74b7a70
  languageName: node
  linkType: hard

"wrap-ansi@npm:^6.2.0":
  version: 6.2.0
  resolution: "wrap-ansi@npm:6.2.0"
  dependencies:
    ansi-styles: "npm:^4.0.0"
    string-width: "npm:^4.1.0"
    strip-ansi: "npm:^6.0.0"
  checksum: 10/0d64f2d438e0b555e693b95aee7b2689a12c3be5ac458192a1ce28f542a6e9e59ddfecc37520910c2c88eb1f82a5411260566dba5064e8f9895e76e169e76187
  languageName: node
  linkType: hard

"yoctocolors-cjs@npm:^2.1.2":
  version: 2.1.2
  resolution: "yoctocolors-cjs@npm:2.1.2"
  checksum: 10/d731e3ba776a0ee19021d909787942933a6c2eafb2bbe85541f0c59aa5c7d475ce86fcb860d5803105e32244c3dd5ba875b87c4c6bf2d6f297da416aa54e556f
  languageName: node
  linkType: hard
